
Microsoft Visual Studio Solution File, Format Version 12.00
# Visual Studio Version 17
VisualStudioVersion = 17.8.34330.188
MinimumVisualStudioVersion = 10.0.40219.1
Project("{9A19103F-16F7-4668-BE54-9A1E7A4F7556}") = "JenkinsDemo.Server", "Server\JenkinsDemo.Server.csproj", "{FE003ECD-D585-4FE0-8FAA-9A735BCD5D42}"
EndProject
Project("{9A19103F-16F7-4668-BE54-9A1E7A4F7556}") = "JenkinsDemo.Client", "Client\JenkinsDemo.Client.csproj", "{EE148E45-140E-4253-808F-8ACFABBF8178}"
EndProject
Project("{9A19103F-16F7-4668-BE54-9A1E7A4F7556}") = "JenkinsDemo.Shared", "Shared\JenkinsDemo.Shared.csproj", "{7D89B13A-4F23-4D2C-8F2F-40232CB97785}"
EndProject
Project("{FAE04EC0-301F-11D3-BF4B-00C04F79EFBC}") = "JenkinsDemo.Data", "JenkinsDemo.Data\JenkinsDemo.Data.csproj", "{61448265-CF28-4416-82FE-786D2A7F4BA1}"
EndProject
Project("{FAE04EC0-301F-11D3-BF4B-00C04F79EFBC}") = "UnitTests", "Calculator.Tests\UnitTests.csproj", "{6CD20214-6A9F-465A-8B16-88463712FB3C}"
EndProject
Global
	GlobalSection(SolutionConfigurationPlatforms) = preSolution
		Debug|Any CPU = Debug|Any CPU
		Release|Any CPU = Release|Any CPU
	EndGlobalSection
	GlobalSection(ProjectConfigurationPlatforms) = postSolution
		{FE003ECD-D585-4FE0-8FAA-9A735BCD5D42}.Debug|Any CPU.ActiveCfg = Debug|Any CPU
		{FE003ECD-D585-4FE0-8FAA-9A735BCD5D42}.Debug|Any CPU.Build.0 = Debug|Any CPU
		{FE003ECD-D585-4FE0-8FAA-9A735BCD5D42}.Release|Any CPU.ActiveCfg = Release|Any CPU
		{FE003ECD-D585-4FE0-8FAA-9A735BCD5D42}.Release|Any CPU.Build.0 = Release|Any CPU
		{EE148E45-140E-4253-808F-8ACFABBF8178}.Debug|Any CPU.ActiveCfg = Debug|Any CPU
		{EE148E45-140E-4253-808F-8ACFABBF8178}.Debug|Any CPU.Build.0 = Debug|Any CPU
		{EE148E45-140E-4253-808F-8ACFABBF8178}.Release|Any CPU.ActiveCfg = Release|Any CPU
		{EE148E45-140E-4253-808F-8ACFABBF8178}.Release|Any CPU.Build.0 = Release|Any CPU
		{7D89B13A-4F23-4D2C-8F2F-40232CB97785}.Debug|Any CPU.ActiveCfg = Debug|Any CPU
		{7D89B13A-4F23-4D2C-8F2F-40232CB97785}.Debug|Any CPU.Build.0 = Debug|Any CPU
		{7D89B13A-4F23-4D2C-8F2F-40232CB97785}.Release|Any CPU.ActiveCfg = Release|Any CPU
		{7D89B13A-4F23-4D2C-8F2F-40232CB97785}.Release|Any CPU.Build.0 = Release|Any CPU
		{61448265-CF28-4416-82FE-786D2A7F4BA1}.Debug|Any CPU.ActiveCfg = Debug|Any CPU
		{61448265-CF28-4416-82FE-786D2A7F4BA1}.Debug|Any CPU.Build.0 = Debug|Any CPU
		{61448265-CF28-4416-82FE-786D2A7F4BA1}.Release|Any CPU.ActiveCfg = Release|Any CPU
		{61448265-CF28-4416-82FE-786D2A7F4BA1}.Release|Any CPU.Build.0 = Release|Any CPU
		{6CD20214-6A9F-465A-8B16-88463712FB3C}.Debug|Any CPU.ActiveCfg = Debug|Any CPU
		{6CD20214-6A9F-465A-8B16-88463712FB3C}.Debug|Any CPU.Build.0 = Debug|Any CPU
		{6CD20214-6A9F-465A-8B16-88463712FB3C}.Release|Any CPU.ActiveCfg = Release|Any CPU
		{6CD20214-6A9F-465A-8B16-88463712FB3C}.Release|Any CPU.Build.0 = Release|Any CPU
	EndGlobalSection
	GlobalSection(SolutionProperties) = preSolution
		HideSolutionNode = FALSE
	EndGlobalSection
	GlobalSection(ExtensibilityGlobals) = postSolution
		SolutionGuid = {282AC6CB-50CE-461A-903D-322DA0888877}
	EndGlobalSection
EndGlobal
